
Microsoft Visual Studio Solution File, Format Version 12.00
# Visual Studio Version 16
VisualStudioVersion = 16.0.32602.291
MinimumVisualStudioVersion = 10.0.40219.1
Project("{FAE04EC0-301F-11D3-BF4B-00C04F79EFBC}") = "Chat Application", "Chat Application\Chat Application.csproj", "{4D3093FD-06AE-4AD8-962F-D2AE26D79971}"
EndProject
Global
	GlobalSection(SolutionConfigurationPlatforms) = preSolution
		Debug|Any CPU = Debug|Any CPU
		Release|Any CPU = Release|Any CPU
	EndGlobalSection
	GlobalSection(ProjectConfigurationPlatforms) = postSolution
		{4D3093FD-06AE-4AD8-962F-D2AE26D79971}.Debug|Any CPU.ActiveCfg = Debug|Any CPU
		{4D3093FD-06AE-4AD8-962F-D2AE26D79971}.Debug|Any CPU.Build.0 = Debug|Any CPU
		{4D3093FD-06AE-4AD8-962F-D2AE26D79971}.Release|Any CPU.ActiveCfg = Release|Any CPU
		{4D3093FD-06AE-4AD8-962F-D2AE26D79971}.Release|Any CPU.Build.0 = Release|Any CPU
	EndGlobalSection
	GlobalSection(SolutionProperties) = preSolution
		HideSolutionNode = FALSE
	EndGlobalSection
	GlobalSection(ExtensibilityGlobals) = postSolution
		SolutionGuid = {C20CDE0F-4562-44A8-BBFF-E8D74565F15A}
	EndGlobalSection
EndGlobal
